
Microsoft Visual Studio Solution File, Format Version 12.00
# Visual Studio Version 17
VisualStudioVersion = 17.8.34525.116
MinimumVisualStudioVersion = 10.0.40219.1
Project("{FAE04EC0-301F-11D3-BF4B-00C04F79EFBC}") = "KodlamaDev", "KodlamaDev\KodlamaDev.csproj", "{EBD16B5D-5889-493F-AAA0-CE50C6773773}"
EndProject
Global
	GlobalSection(SolutionConfigurationPlatforms) = preSolution
		Debug|Any CPU = Debug|Any CPU
		Release|Any CPU = Release|Any CPU
	EndGlobalSection
	GlobalSection(ProjectConfigurationPlatforms) = postSolution
		{EBD16B5D-5889-493F-AAA0-CE50C6773773}.Debug|Any CPU.ActiveCfg = Debug|Any CPU
		{EBD16B5D-5889-493F-AAA0-CE50C6773773}.Debug|Any CPU.Build.0 = Debug|Any CPU
		{EBD16B5D-5889-493F-AAA0-CE50C6773773}.Release|Any CPU.ActiveCfg = Release|Any CPU
		{EBD16B5D-5889-493F-AAA0-CE50C6773773}.Release|Any CPU.Build.0 = Release|Any CPU
	EndGlobalSection
	GlobalSection(SolutionProperties) = preSolution
		HideSolutionNode = FALSE
	EndGlobalSection
	GlobalSection(ExtensibilityGlobals) = postSolution
		SolutionGuid = {B230D2F3-8534-4973-8CFC-AF41C8659E28}
	EndGlobalSection
EndGlobal
